
Microsoft Visual Studio Solution File, Format Version 12.00
# Visual Studio Version 17
VisualStudioVersion = 17.12.35707.178 d17.12
MinimumVisualStudioVersion = 10.0.40219.1
Project("{2150E333-8FDC-42A3-9474-1A3956D46DE8}") = "API", "API", "{685B88D9-3C2D-4E69-96CA-63A3A5920D2F}"
EndProject
Project("{2150E333-8FDC-42A3-9474-1A3956D46DE8}") = "Infrastructure", "Infrastructure", "{871257DC-3368-4997-B881-69F109059DAE}"
EndProject
Project("{FAE04EC0-301F-11D3-BF4B-00C04F79EFBC}") = "ShopEase.API", "ShopEase.API\ShopEase.API.csproj", "{F97B34E7-F183-43C8-A859-7463C5D57046}"
EndProject
Project("{FAE04EC0-301F-11D3-BF4B-00C04F79EFBC}") = "ShopEase.Application", "ShopEase.Application\ShopEase.Application.csproj", "{743CDD7A-1FC3-4A8B-BAF1-4DB0AEC54A15}"
EndProject
Project("{FAE04EC0-301F-11D3-BF4B-00C04F79EFBC}") = "ShopEase.Domain", "ShopEase.Domain\ShopEase.Domain.csproj", "{CD82B292-DA63-4139-82DF-0E840235AD66}"
EndProject
Project("{FAE04EC0-301F-11D3-BF4B-00C04F79EFBC}") = "ShopEase.Identity", "ShopEase.Identity\ShopEase.Identity.csproj", "{ECD04AB9-BD19-4F7B-BFFD-FC7E3F5D5AE2}"
EndProject
Project("{FAE04EC0-301F-11D3-BF4B-00C04F79EFBC}") = "ShopEase.Infrastructure", "ShopEase.Infrastructure\ShopEase.Infrastructure.csproj", "{4A33937F-C66D-49B2-88A6-26CB839E6343}"
EndProject
Project("{2150E333-8FDC-42A3-9474-1A3956D46DE8}") = "Core", "Core", "{4169D68E-2EA5-43B9-AA2B-FD79D7BBC019}"
EndProject
Project("{2150E333-8FDC-42A3-9474-1A3956D46DE8}") = "Src", "Src", "{84416C12-303C-46F2-9DF2-3F34A58BD707}"
EndProject
Project("{FAE04EC0-301F-11D3-BF4B-00C04F79EFBC}") = "ShopEase.Persistence", "ShopEase.Persistence\ShopEase.Persistence.csproj", "{F5BAAAE7-FAD5-4B63-A5A6-4206C4E4AB37}"
EndProject
Global
	GlobalSection(SolutionConfigurationPlatforms) = preSolution
		Debug|Any CPU = Debug|Any CPU
		Release|Any CPU = Release|Any CPU
	EndGlobalSection
	GlobalSection(ProjectConfigurationPlatforms) = postSolution
		{F97B34E7-F183-43C8-A859-7463C5D57046}.Debug|Any CPU.ActiveCfg = Debug|Any CPU
		{F97B34E7-F183-43C8-A859-7463C5D57046}.Debug|Any CPU.Build.0 = Debug|Any CPU
		{F97B34E7-F183-43C8-A859-7463C5D57046}.Release|Any CPU.ActiveCfg = Release|Any CPU
		{F97B34E7-F183-43C8-A859-7463C5D57046}.Release|Any CPU.Build.0 = Release|Any CPU
		{743CDD7A-1FC3-4A8B-BAF1-4DB0AEC54A15}.Debug|Any CPU.ActiveCfg = Debug|Any CPU
		{743CDD7A-1FC3-4A8B-BAF1-4DB0AEC54A15}.Debug|Any CPU.Build.0 = Debug|Any CPU
		{743CDD7A-1FC3-4A8B-BAF1-4DB0AEC54A15}.Release|Any CPU.ActiveCfg = Release|Any CPU
		{743CDD7A-1FC3-4A8B-BAF1-4DB0AEC54A15}.Release|Any CPU.Build.0 = Release|Any CPU
		{CD82B292-DA63-4139-82DF-0E840235AD66}.Debug|Any CPU.ActiveCfg = Debug|Any CPU
		{CD82B292-DA63-4139-82DF-0E840235AD66}.Debug|Any CPU.Build.0 = Debug|Any CPU
		{CD82B292-DA63-4139-82DF-0E840235AD66}.Release|Any CPU.ActiveCfg = Release|Any CPU
		{CD82B292-DA63-4139-82DF-0E840235AD66}.Release|Any CPU.Build.0 = Release|Any CPU
		{ECD04AB9-BD19-4F7B-BFFD-FC7E3F5D5AE2}.Debug|Any CPU.ActiveCfg = Debug|Any CPU
		{ECD04AB9-BD19-4F7B-BFFD-FC7E3F5D5AE2}.Debug|Any CPU.Build.0 = Debug|Any CPU
		{ECD04AB9-BD19-4F7B-BFFD-FC7E3F5D5AE2}.Release|Any CPU.ActiveCfg = Release|Any CPU
		{ECD04AB9-BD19-4F7B-BFFD-FC7E3F5D5AE2}.Release|Any CPU.Build.0 = Release|Any CPU
		{4A33937F-C66D-49B2-88A6-26CB839E6343}.Debug|Any CPU.ActiveCfg = Debug|Any CPU
		{4A33937F-C66D-49B2-88A6-26CB839E6343}.Debug|Any CPU.Build.0 = Debug|Any CPU
		{4A33937F-C66D-49B2-88A6-26CB839E6343}.Release|Any CPU.ActiveCfg = Release|Any CPU
		{4A33937F-C66D-49B2-88A6-26CB839E6343}.Release|Any CPU.Build.0 = Release|Any CPU
		{F5BAAAE7-FAD5-4B63-A5A6-4206C4E4AB37}.Debug|Any CPU.ActiveCfg = Debug|Any CPU
		{F5BAAAE7-FAD5-4B63-A5A6-4206C4E4AB37}.Debug|Any CPU.Build.0 = Debug|Any CPU
		{F5BAAAE7-FAD5-4B63-A5A6-4206C4E4AB37}.Release|Any CPU.ActiveCfg = Release|Any CPU
		{F5BAAAE7-FAD5-4B63-A5A6-4206C4E4AB37}.Release|Any CPU.Build.0 = Release|Any CPU
	EndGlobalSection
	GlobalSection(SolutionProperties) = preSolution
		HideSolutionNode = FALSE
	EndGlobalSection
	GlobalSection(NestedProjects) = preSolution
		{685B88D9-3C2D-4E69-96CA-63A3A5920D2F} = {84416C12-303C-46F2-9DF2-3F34A58BD707}
		{871257DC-3368-4997-B881-69F109059DAE} = {84416C12-303C-46F2-9DF2-3F34A58BD707}
		{F97B34E7-F183-43C8-A859-7463C5D57046} = {685B88D9-3C2D-4E69-96CA-63A3A5920D2F}
		{743CDD7A-1FC3-4A8B-BAF1-4DB0AEC54A15} = {4169D68E-2EA5-43B9-AA2B-FD79D7BBC019}
		{CD82B292-DA63-4139-82DF-0E840235AD66} = {4169D68E-2EA5-43B9-AA2B-FD79D7BBC019}
		{ECD04AB9-BD19-4F7B-BFFD-FC7E3F5D5AE2} = {871257DC-3368-4997-B881-69F109059DAE}
		{4A33937F-C66D-49B2-88A6-26CB839E6343} = {871257DC-3368-4997-B881-69F109059DAE}
		{4169D68E-2EA5-43B9-AA2B-FD79D7BBC019} = {84416C12-303C-46F2-9DF2-3F34A58BD707}
		{F5BAAAE7-FAD5-4B63-A5A6-4206C4E4AB37} = {871257DC-3368-4997-B881-69F109059DAE}
	EndGlobalSection
EndGlobal
